
Microsoft Visual Studio Solution File, Format Version 12.00
# Visual Studio Version 17
VisualStudioVersion = 17.5.33502.453
MinimumVisualStudioVersion = 10.0.40219.1
Project("{8BC9CEB8-8B4A-11D0-8D11-00A0C91BC942}") = "Double_Linked_list.cpp_205", "Double_Linked_list.cpp_205\Double_Linked_list.cpp_205.vcxproj", "{667B68E0-4D1E-4967-AA01-0406E5CCD701}"
EndProject
Global
	GlobalSection(SolutionConfigurationPlatforms) = preSolution
		Debug|x64 = Debug|x64
		Debug|x86 = Debug|x86
		Release|x64 = Release|x64
		Release|x86 = Release|x86
	EndGlobalSection
	GlobalSection(ProjectConfigurationPlatforms) = postSolution
		{667B68E0-4D1E-4967-AA01-0406E5CCD701}.Debug|x64.ActiveCfg = Debug|x64
		{667B68E0-4D1E-4967-AA01-0406E5CCD701}.Debug|x64.Build.0 = Debug|x64
		{667B68E0-4D1E-4967-AA01-0406E5CCD701}.Debug|x86.ActiveCfg = Debug|Win32
		{667B68E0-4D1E-4967-AA01-0406E5CCD701}.Debug|x86.Build.0 = Debug|Win32
		{667B68E0-4D1E-4967-AA01-0406E5CCD701}.Release|x64.ActiveCfg = Release|x64
		{667B68E0-4D1E-4967-AA01-0406E5CCD701}.Release|x64.Build.0 = Release|x64
		{667B68E0-4D1E-4967-AA01-0406E5CCD701}.Release|x86.ActiveCfg = Release|Win32
		{667B68E0-4D1E-4967-AA01-0406E5CCD701}.Release|x86.Build.0 = Release|Win32
	EndGlobalSection
	GlobalSection(SolutionProperties) = preSolution
		HideSolutionNode = FALSE
	EndGlobalSection
	GlobalSection(ExtensibilityGlobals) = postSolution
		SolutionGuid = {0431D252-1742-48CB-9C71-95F6CA5875CF}
	EndGlobalSection
EndGlobal
